
Microsoft Visual Studio Solution File, Format Version 12.00
# Visual Studio Version 16
VisualStudioVersion = 16.0.30804.86
MinimumVisualStudioVersion = 10.0.40219.1
Project("{FAE04EC0-301F-11D3-BF4B-00C04F79EFBC}") = "MVC", "CalculatorMVC\MVC.csproj", "{F6193C1B-CEEE-4282-8A6B-123FD4CCAAC3}"
EndProject
Global
	GlobalSection(SolutionConfigurationPlatforms) = preSolution
		Debug|Any CPU = Debug|Any CPU
		Release|Any CPU = Release|Any CPU
	EndGlobalSection
	GlobalSection(ProjectConfigurationPlatforms) = postSolution
		{F6193C1B-CEEE-4282-8A6B-123FD4CCAAC3}.Debug|Any CPU.ActiveCfg = Debug|Any CPU
		{F6193C1B-CEEE-4282-8A6B-123FD4CCAAC3}.Debug|Any CPU.Build.0 = Debug|Any CPU
		{F6193C1B-CEEE-4282-8A6B-123FD4CCAAC3}.Release|Any CPU.ActiveCfg = Release|Any CPU
		{F6193C1B-CEEE-4282-8A6B-123FD4CCAAC3}.Release|Any CPU.Build.0 = Release|Any CPU
	EndGlobalSection
	GlobalSection(SolutionProperties) = preSolution
		HideSolutionNode = FALSE
	EndGlobalSection
	GlobalSection(ExtensibilityGlobals) = postSolution
		SolutionGuid = {10847BC3-4EF2-4865-BA4E-277532D48C0D}
	EndGlobalSection
EndGlobal
